Microsoft Visual Studio Solution File, Format Version 12.00
# Visual Studio 14
VisualStudioVersion = 14.0.25420.1
MinimumVisualStudioVersion = 10.0.40219.1
Project("{2150E333-8FDC-42A3-9474-1A3956D46DE8}") = "Sample", "Sample", "{89F12D3E-690F-42DB-A045-455F445C15D1}"
EndProject
Project("{FAE04EC0-301F-11D3-BF4B-00C04F79EFBC}") = "TheInjectables.Foundation.Sample", "src\Foundation\Sample\code\TheInjectables.Foundation.Sample.csproj", "{7D0B0F92-F7A9-4F9F-B1F3-5FD8227E8E04}"
EndProject
Project("{2150E333-8FDC-42A3-9474-1A3956D46DE8}") = "Sample", "Sample", "{D554A135-05DD-471D-A352-C6272058AFDA}"
EndProject
Project("{FAE04EC0-301F-11D3-BF4B-00C04F79EFBC}") = "TheInjectables.Feature.Sample", "src\Feature\Sample\code\TheInjectables.Feature.Sample.csproj", "{922797A6-3A23-46C9-998F-8569D1A747B3}"
EndProject
Project("{2150E333-8FDC-42A3-9474-1A3956D46DE8}") = "1. Project", "1. Project", "{FC7E268C-2963-48E3-AA40-CA4C440FC2C2}"
EndProject
Project("{2150E333-8FDC-42A3-9474-1A3956D46DE8}") = "2. Feature", "2. Feature", "{29461964-C605-49D6-A7D0-46DAED3BEC82}"
EndProject
Project("{2150E333-8FDC-42A3-9474-1A3956D46DE8}") = "3. Foundation", "3. Foundation", "{33124972-4990-452A-99CA-3AE8419066B8}"
EndProject
Project("{2150E333-8FDC-42A3-9474-1A3956D46DE8}") = "4. Tests", "4. Tests", "{09599916-7D8C-4D11-A50A-593A5609FE38}"
EndProject
Global
	GlobalSection(SolutionConfigurationPlatforms) = preSolution
		always|Any CPU = always|Any CPU
		always|x64 = always|x64
		ci|Any CPU = ci|Any CPU
		ci|x64 = ci|x64
		Debug|Any CPU = Debug|Any CPU
		Debug|x64 = Debug|x64
		Release|Any CPU = Release|Any CPU
		Release|x64 = Release|x64
	EndGlobalSection
	GlobalSection(ProjectConfigurationPlatforms) = postSolution
		{7D0B0F92-F7A9-4F9F-B1F3-5FD8227E8E04}.always|Any CPU.ActiveCfg = always|Any CPU
		{7D0B0F92-F7A9-4F9F-B1F3-5FD8227E8E04}.always|Any CPU.Build.0 = always|Any CPU
		{7D0B0F92-F7A9-4F9F-B1F3-5FD8227E8E04}.always|x64.ActiveCfg = always|x64
		{7D0B0F92-F7A9-4F9F-B1F3-5FD8227E8E04}.always|x64.Build.0 = always|x64
		{7D0B0F92-F7A9-4F9F-B1F3-5FD8227E8E04}.ci|Any CPU.ActiveCfg = ci|Any CPU
		{7D0B0F92-F7A9-4F9F-B1F3-5FD8227E8E04}.ci|Any CPU.Build.0 = ci|Any CPU
		{7D0B0F92-F7A9-4F9F-B1F3-5FD8227E8E04}.ci|x64.ActiveCfg = ci|x64
		{7D0B0F92-F7A9-4F9F-B1F3-5FD8227E8E04}.ci|x64.Build.0 = ci|x64
		{7D0B0F92-F7A9-4F9F-B1F3-5FD8227E8E04}.Debug|Any CPU.ActiveCfg = Debug|Any CPU
		{7D0B0F92-F7A9-4F9F-B1F3-5FD8227E8E04}.Debug|Any CPU.Build.0 = Debug|Any CPU
		{7D0B0F92-F7A9-4F9F-B1F3-5FD8227E8E04}.Debug|x64.ActiveCfg = Debug|x64
		{7D0B0F92-F7A9-4F9F-B1F3-5FD8227E8E04}.Debug|x64.Build.0 = Debug|x64
		{7D0B0F92-F7A9-4F9F-B1F3-5FD8227E8E04}.Release|Any CPU.ActiveCfg = Release|Any CPU
		{7D0B0F92-F7A9-4F9F-B1F3-5FD8227E8E04}.Release|Any CPU.Build.0 = Release|Any CPU
		{7D0B0F92-F7A9-4F9F-B1F3-5FD8227E8E04}.Release|x64.ActiveCfg = Release|x64
		{7D0B0F92-F7A9-4F9F-B1F3-5FD8227E8E04}.Release|x64.Build.0 = Release|x64
		{922797A6-3A23-46C9-998F-8569D1A747B3}.always|Any CPU.ActiveCfg = always|Any CPU
		{922797A6-3A23-46C9-998F-8569D1A747B3}.always|Any CPU.Build.0 = always|Any CPU
		{922797A6-3A23-46C9-998F-8569D1A747B3}.always|x64.ActiveCfg = always|x64
		{922797A6-3A23-46C9-998F-8569D1A747B3}.always|x64.Build.0 = always|x64
		{922797A6-3A23-46C9-998F-8569D1A747B3}.ci|Any CPU.ActiveCfg = ci|Any CPU
		{922797A6-3A23-46C9-998F-8569D1A747B3}.ci|Any CPU.Build.0 = ci|Any CPU
		{922797A6-3A23-46C9-998F-8569D1A747B3}.ci|x64.ActiveCfg = ci|x64
		{922797A6-3A23-46C9-998F-8569D1A747B3}.ci|x64.Build.0 = ci|x64
		{922797A6-3A23-46C9-998F-8569D1A747B3}.Debug|Any CPU.ActiveCfg = Debug|Any CPU
		{922797A6-3A23-46C9-998F-8569D1A747B3}.Debug|Any CPU.Build.0 = Debug|Any CPU
		{922797A6-3A23-46C9-998F-8569D1A747B3}.Debug|x64.ActiveCfg = Debug|x64
		{922797A6-3A23-46C9-998F-8569D1A747B3}.Debug|x64.Build.0 = Debug|x64
		{922797A6-3A23-46C9-998F-8569D1A747B3}.Release|Any CPU.ActiveCfg = Release|Any CPU
		{922797A6-3A23-46C9-998F-8569D1A747B3}.Release|Any CPU.Build.0 = Release|Any CPU
		{922797A6-3A23-46C9-998F-8569D1A747B3}.Release|x64.ActiveCfg = Release|x64
		{922797A6-3A23-46C9-998F-8569D1A747B3}.Release|x64.Build.0 = Release|x64
	EndGlobalSection
	GlobalSection(SolutionProperties) = preSolution
		HideSolutionNode = FALSE
	EndGlobalSection
	GlobalSection(NestedProjects) = preSolution
		{89F12D3E-690F-42DB-A045-455F445C15D1} = {33124972-4990-452A-99CA-3AE8419066B8}
		{7D0B0F92-F7A9-4F9F-B1F3-5FD8227E8E04} = {89F12D3E-690F-42DB-A045-455F445C15D1}
		{D554A135-05DD-471D-A352-C6272058AFDA} = {29461964-C605-49D6-A7D0-46DAED3BEC82}
		{922797A6-3A23-46C9-998F-8569D1A747B3} = {D554A135-05DD-471D-A352-C6272058AFDA}
	EndGlobalSection
EndGlobal
