Microsoft Visual Studio Solution File, Format Version 12.00
# Visual Studio 14
VisualStudioVersion = 14.0.25420.1
MinimumVisualStudioVersion = 10.0.40219.1
Project("{2150E333-8FDC-42A3-9474-1A3956D46DE8}") = "PaaSPort.Website", "PaaSPort.Website", "{B4F3A1A3-BC42-4FCB-BE07-5155816B71E8}"
EndProject
Project("{FAE04EC0-301F-11D3-BF4B-00C04F79EFBC}") = "TheInjectables.PaaSPort.Website", "src\Project\PaaSPort.Website\code\TheInjectables.PaaSPort.Website.csproj", "{AA3822DC-C067-4E66-8161-68F399C27B02}"
EndProject
Project("{2150E333-8FDC-42A3-9474-1A3956D46DE8}") = "PaaSPort.DXF", "PaaSPort.DXF", "{F638E0E7-2493-4532-8B3E-8155353423C0}"
EndProject
Project("{FAE04EC0-301F-11D3-BF4B-00C04F79EFBC}") = "TheInjectables.Feature.PaaSPort.DXF", "src\Feature\PaaSPort.DXF\code\TheInjectables.Feature.PaaSPort.DXF.csproj", "{4D861BA0-9E37-47D2-A004-63F1DAFDA81C}"
EndProject
Project("{2150E333-8FDC-42A3-9474-1A3956D46DE8}") = "PaaSPort.UI", "PaaSPort.UI", "{498D5BB7-9BE8-493E-87D9-FEC6EF8D1A03}"
EndProject
Project("{FAE04EC0-301F-11D3-BF4B-00C04F79EFBC}") = "TheInjectables.Feature.PaaSPort.UI", "src\Feature\PaaSPort.UI\code\TheInjectables.Feature.PaaSPort.UI.csproj", "{D189056D-7EDB-4EF5-8200-01B6621E5E5E}"
EndProject
Project("{2150E333-8FDC-42A3-9474-1A3956D46DE8}") = "PaaSPort.Services", "PaaSPort.Services", "{7E9FA0FE-474C-42F3-B364-30E2A6BFD8C2}"
EndProject
Project("{FAE04EC0-301F-11D3-BF4B-00C04F79EFBC}") = "TheInjectables.Feature.PaaSPort.Services", "src\Feature\PaaSPort.Services\code\TheInjectables.Feature.PaaSPort.Services.csproj", "{8385FE1B-3E31-40E7-AD3D-D5991C21F639}"
EndProject
Project("{2150E333-8FDC-42A3-9474-1A3956D46DE8}") = "PaaSPort.Abstractions", "PaaSPort.Abstractions", "{EE8F9E52-2800-43A2-9301-1155A6067963}"
EndProject
Project("{FAE04EC0-301F-11D3-BF4B-00C04F79EFBC}") = "TheInjectables.Foundation.PaaSPort.Abstractions", "src\Foundation\PaaSPort.Abstractions\code\TheInjectables.Foundation.PaaSPort.Abstractions.csproj", "{4E756BC9-D83C-4E63-8D7A-78D4CBBF7EF0}"
EndProject
Project("{2150E333-8FDC-42A3-9474-1A3956D46DE8}") = "PaaSPort.Core", "PaaSPort.Core", "{BE2C2DC0-E8CF-4E1D-B422-49D19634481D}"
EndProject
Project("{FAE04EC0-301F-11D3-BF4B-00C04F79EFBC}") = "TheInjectables.Foundation.PaaSPort.Core", "src\Foundation\PaaSPort.Core\code\TheInjectables.Foundation.PaaSPort.Core.csproj", "{14AD9C80-2B77-4EB4-A53F-837A0CF08AB6}"
EndProject
Project("{2150E333-8FDC-42A3-9474-1A3956D46DE8}") = "PaaSPort.Common", "PaaSPort.Common", "{AB9A471D-CB3C-4AE2-B389-FF14C77AEAF3}"
EndProject
Project("{FAE04EC0-301F-11D3-BF4B-00C04F79EFBC}") = "TheInjectables.Foundation.PaaSPort.Common", "src\Foundation\PaaSPort.Common\code\TheInjectables.Foundation.PaaSPort.Common.csproj", "{6717EDC1-88C8-478A-B95A-C859315F87F0}"
EndProject
Project("{2150E333-8FDC-42A3-9474-1A3956D46DE8}") = "1. Project", "1. Project", "{75168A3C-CFCC-42B8-9CCD-06894C40B542}"
EndProject
Project("{2150E333-8FDC-42A3-9474-1A3956D46DE8}") = "2. Feature", "2. Feature", "{A36F0551-4A80-40F7-8ACF-EB0AC704FCE9}"
EndProject
Project("{2150E333-8FDC-42A3-9474-1A3956D46DE8}") = "3. Foundation", "3. Foundation", "{8883802D-27A0-4334-80E3-77AF65E04E5F}"
EndProject
Project("{2150E333-8FDC-42A3-9474-1A3956D46DE8}") = "4. Tests", "4. Tests", "{3023434A-F180-421F-B641-6918631EA0EA}"
EndProject
Global
	GlobalSection(SolutionConfigurationPlatforms) = preSolution
		always|Any CPU = always|Any CPU
		always|x64 = always|x64
		ci|Any CPU = ci|Any CPU
		ci|x64 = ci|x64
		Debug|Any CPU = Debug|Any CPU
		Debug|x64 = Debug|x64
		Release|Any CPU = Release|Any CPU
		Release|x64 = Release|x64
	EndGlobalSection
	GlobalSection(ProjectConfigurationPlatforms) = postSolution
		{AA3822DC-C067-4E66-8161-68F399C27B02}.always|Any CPU.ActiveCfg = always|Any CPU
		{AA3822DC-C067-4E66-8161-68F399C27B02}.always|Any CPU.Build.0 = always|Any CPU
		{AA3822DC-C067-4E66-8161-68F399C27B02}.always|x64.ActiveCfg = always|x64
		{AA3822DC-C067-4E66-8161-68F399C27B02}.always|x64.Build.0 = always|x64
		{AA3822DC-C067-4E66-8161-68F399C27B02}.ci|Any CPU.ActiveCfg = ci|Any CPU
		{AA3822DC-C067-4E66-8161-68F399C27B02}.ci|Any CPU.Build.0 = ci|Any CPU
		{AA3822DC-C067-4E66-8161-68F399C27B02}.ci|x64.ActiveCfg = ci|x64
		{AA3822DC-C067-4E66-8161-68F399C27B02}.ci|x64.Build.0 = ci|x64
		{AA3822DC-C067-4E66-8161-68F399C27B02}.Debug|Any CPU.ActiveCfg = Debug|Any CPU
		{AA3822DC-C067-4E66-8161-68F399C27B02}.Debug|Any CPU.Build.0 = Debug|Any CPU
		{AA3822DC-C067-4E66-8161-68F399C27B02}.Debug|x64.ActiveCfg = Debug|x64
		{AA3822DC-C067-4E66-8161-68F399C27B02}.Debug|x64.Build.0 = Debug|x64
		{AA3822DC-C067-4E66-8161-68F399C27B02}.Release|Any CPU.ActiveCfg = Release|Any CPU
		{AA3822DC-C067-4E66-8161-68F399C27B02}.Release|Any CPU.Build.0 = Release|Any CPU
		{AA3822DC-C067-4E66-8161-68F399C27B02}.Release|x64.ActiveCfg = Release|x64
		{AA3822DC-C067-4E66-8161-68F399C27B02}.Release|x64.Build.0 = Release|x64
		{4D861BA0-9E37-47D2-A004-63F1DAFDA81C}.always|Any CPU.ActiveCfg = always|Any CPU
		{4D861BA0-9E37-47D2-A004-63F1DAFDA81C}.always|Any CPU.Build.0 = always|Any CPU
		{4D861BA0-9E37-47D2-A004-63F1DAFDA81C}.always|x64.ActiveCfg = always|x64
		{4D861BA0-9E37-47D2-A004-63F1DAFDA81C}.always|x64.Build.0 = always|x64
		{4D861BA0-9E37-47D2-A004-63F1DAFDA81C}.ci|Any CPU.ActiveCfg = ci|Any CPU
		{4D861BA0-9E37-47D2-A004-63F1DAFDA81C}.ci|Any CPU.Build.0 = ci|Any CPU
		{4D861BA0-9E37-47D2-A004-63F1DAFDA81C}.ci|x64.ActiveCfg = ci|x64
		{4D861BA0-9E37-47D2-A004-63F1DAFDA81C}.ci|x64.Build.0 = ci|x64
		{4D861BA0-9E37-47D2-A004-63F1DAFDA81C}.Debug|Any CPU.ActiveCfg = Debug|Any CPU
		{4D861BA0-9E37-47D2-A004-63F1DAFDA81C}.Debug|Any CPU.Build.0 = Debug|Any CPU
		{4D861BA0-9E37-47D2-A004-63F1DAFDA81C}.Debug|x64.ActiveCfg = Debug|x64
		{4D861BA0-9E37-47D2-A004-63F1DAFDA81C}.Debug|x64.Build.0 = Debug|x64
		{4D861BA0-9E37-47D2-A004-63F1DAFDA81C}.Release|Any CPU.ActiveCfg = Release|Any CPU
		{4D861BA0-9E37-47D2-A004-63F1DAFDA81C}.Release|Any CPU.Build.0 = Release|Any CPU
		{4D861BA0-9E37-47D2-A004-63F1DAFDA81C}.Release|x64.ActiveCfg = Release|x64
		{4D861BA0-9E37-47D2-A004-63F1DAFDA81C}.Release|x64.Build.0 = Release|x64
		{D189056D-7EDB-4EF5-8200-01B6621E5E5E}.always|Any CPU.ActiveCfg = always|Any CPU
		{D189056D-7EDB-4EF5-8200-01B6621E5E5E}.always|Any CPU.Build.0 = always|Any CPU
		{D189056D-7EDB-4EF5-8200-01B6621E5E5E}.always|x64.ActiveCfg = always|x64
		{D189056D-7EDB-4EF5-8200-01B6621E5E5E}.always|x64.Build.0 = always|x64
		{D189056D-7EDB-4EF5-8200-01B6621E5E5E}.ci|Any CPU.ActiveCfg = ci|Any CPU
		{D189056D-7EDB-4EF5-8200-01B6621E5E5E}.ci|Any CPU.Build.0 = ci|Any CPU
		{D189056D-7EDB-4EF5-8200-01B6621E5E5E}.ci|x64.ActiveCfg = ci|x64
		{D189056D-7EDB-4EF5-8200-01B6621E5E5E}.ci|x64.Build.0 = ci|x64
		{D189056D-7EDB-4EF5-8200-01B6621E5E5E}.Debug|Any CPU.ActiveCfg = Debug|Any CPU
		{D189056D-7EDB-4EF5-8200-01B6621E5E5E}.Debug|Any CPU.Build.0 = Debug|Any CPU
		{D189056D-7EDB-4EF5-8200-01B6621E5E5E}.Debug|x64.ActiveCfg = Debug|x64
		{D189056D-7EDB-4EF5-8200-01B6621E5E5E}.Debug|x64.Build.0 = Debug|x64
		{D189056D-7EDB-4EF5-8200-01B6621E5E5E}.Release|Any CPU.ActiveCfg = Release|Any CPU
		{D189056D-7EDB-4EF5-8200-01B6621E5E5E}.Release|Any CPU.Build.0 = Release|Any CPU
		{D189056D-7EDB-4EF5-8200-01B6621E5E5E}.Release|x64.ActiveCfg = Release|x64
		{D189056D-7EDB-4EF5-8200-01B6621E5E5E}.Release|x64.Build.0 = Release|x64
		{8385FE1B-3E31-40E7-AD3D-D5991C21F639}.always|Any CPU.ActiveCfg = always|Any CPU
		{8385FE1B-3E31-40E7-AD3D-D5991C21F639}.always|Any CPU.Build.0 = always|Any CPU
		{8385FE1B-3E31-40E7-AD3D-D5991C21F639}.always|x64.ActiveCfg = always|x64
		{8385FE1B-3E31-40E7-AD3D-D5991C21F639}.always|x64.Build.0 = always|x64
		{8385FE1B-3E31-40E7-AD3D-D5991C21F639}.ci|Any CPU.ActiveCfg = ci|Any CPU
		{8385FE1B-3E31-40E7-AD3D-D5991C21F639}.ci|Any CPU.Build.0 = ci|Any CPU
		{8385FE1B-3E31-40E7-AD3D-D5991C21F639}.ci|x64.ActiveCfg = ci|x64
		{8385FE1B-3E31-40E7-AD3D-D5991C21F639}.ci|x64.Build.0 = ci|x64
		{8385FE1B-3E31-40E7-AD3D-D5991C21F639}.Debug|Any CPU.ActiveCfg = Debug|Any CPU
		{8385FE1B-3E31-40E7-AD3D-D5991C21F639}.Debug|Any CPU.Build.0 = Debug|Any CPU
		{8385FE1B-3E31-40E7-AD3D-D5991C21F639}.Debug|x64.ActiveCfg = Debug|x64
		{8385FE1B-3E31-40E7-AD3D-D5991C21F639}.Debug|x64.Build.0 = Debug|x64
		{8385FE1B-3E31-40E7-AD3D-D5991C21F639}.Release|Any CPU.ActiveCfg = Release|Any CPU
		{8385FE1B-3E31-40E7-AD3D-D5991C21F639}.Release|Any CPU.Build.0 = Release|Any CPU
		{8385FE1B-3E31-40E7-AD3D-D5991C21F639}.Release|x64.ActiveCfg = Release|x64
		{8385FE1B-3E31-40E7-AD3D-D5991C21F639}.Release|x64.Build.0 = Release|x64
		{4E756BC9-D83C-4E63-8D7A-78D4CBBF7EF0}.always|Any CPU.ActiveCfg = always|Any CPU
		{4E756BC9-D83C-4E63-8D7A-78D4CBBF7EF0}.always|Any CPU.Build.0 = always|Any CPU
		{4E756BC9-D83C-4E63-8D7A-78D4CBBF7EF0}.always|x64.ActiveCfg = always|x64
		{4E756BC9-D83C-4E63-8D7A-78D4CBBF7EF0}.always|x64.Build.0 = always|x64
		{4E756BC9-D83C-4E63-8D7A-78D4CBBF7EF0}.ci|Any CPU.ActiveCfg = ci|Any CPU
		{4E756BC9-D83C-4E63-8D7A-78D4CBBF7EF0}.ci|Any CPU.Build.0 = ci|Any CPU
		{4E756BC9-D83C-4E63-8D7A-78D4CBBF7EF0}.ci|x64.ActiveCfg = ci|x64
		{4E756BC9-D83C-4E63-8D7A-78D4CBBF7EF0}.ci|x64.Build.0 = ci|x64
		{4E756BC9-D83C-4E63-8D7A-78D4CBBF7EF0}.Debug|Any CPU.ActiveCfg = Debug|Any CPU
		{4E756BC9-D83C-4E63-8D7A-78D4CBBF7EF0}.Debug|Any CPU.Build.0 = Debug|Any CPU
		{4E756BC9-D83C-4E63-8D7A-78D4CBBF7EF0}.Debug|x64.ActiveCfg = Debug|x64
		{4E756BC9-D83C-4E63-8D7A-78D4CBBF7EF0}.Debug|x64.Build.0 = Debug|x64
		{4E756BC9-D83C-4E63-8D7A-78D4CBBF7EF0}.Release|Any CPU.ActiveCfg = Release|Any CPU
		{4E756BC9-D83C-4E63-8D7A-78D4CBBF7EF0}.Release|Any CPU.Build.0 = Release|Any CPU
		{4E756BC9-D83C-4E63-8D7A-78D4CBBF7EF0}.Release|x64.ActiveCfg = Release|x64
		{4E756BC9-D83C-4E63-8D7A-78D4CBBF7EF0}.Release|x64.Build.0 = Release|x64
		{14AD9C80-2B77-4EB4-A53F-837A0CF08AB6}.always|Any CPU.ActiveCfg = always|Any CPU
		{14AD9C80-2B77-4EB4-A53F-837A0CF08AB6}.always|Any CPU.Build.0 = always|Any CPU
		{14AD9C80-2B77-4EB4-A53F-837A0CF08AB6}.always|x64.ActiveCfg = always|x64
		{14AD9C80-2B77-4EB4-A53F-837A0CF08AB6}.always|x64.Build.0 = always|x64
		{14AD9C80-2B77-4EB4-A53F-837A0CF08AB6}.ci|Any CPU.ActiveCfg = ci|Any CPU
		{14AD9C80-2B77-4EB4-A53F-837A0CF08AB6}.ci|Any CPU.Build.0 = ci|Any CPU
		{14AD9C80-2B77-4EB4-A53F-837A0CF08AB6}.ci|x64.ActiveCfg = ci|x64
		{14AD9C80-2B77-4EB4-A53F-837A0CF08AB6}.ci|x64.Build.0 = ci|x64
		{14AD9C80-2B77-4EB4-A53F-837A0CF08AB6}.Debug|Any CPU.ActiveCfg = Debug|Any CPU
		{14AD9C80-2B77-4EB4-A53F-837A0CF08AB6}.Debug|Any CPU.Build.0 = Debug|Any CPU
		{14AD9C80-2B77-4EB4-A53F-837A0CF08AB6}.Debug|x64.ActiveCfg = Debug|x64
		{14AD9C80-2B77-4EB4-A53F-837A0CF08AB6}.Debug|x64.Build.0 = Debug|x64
		{14AD9C80-2B77-4EB4-A53F-837A0CF08AB6}.Release|Any CPU.ActiveCfg = Release|Any CPU
		{14AD9C80-2B77-4EB4-A53F-837A0CF08AB6}.Release|Any CPU.Build.0 = Release|Any CPU
		{14AD9C80-2B77-4EB4-A53F-837A0CF08AB6}.Release|x64.ActiveCfg = Release|x64
		{14AD9C80-2B77-4EB4-A53F-837A0CF08AB6}.Release|x64.Build.0 = Release|x64
		{6717EDC1-88C8-478A-B95A-C859315F87F0}.always|Any CPU.ActiveCfg = always|Any CPU
		{6717EDC1-88C8-478A-B95A-C859315F87F0}.always|Any CPU.Build.0 = always|Any CPU
		{6717EDC1-88C8-478A-B95A-C859315F87F0}.always|x64.ActiveCfg = always|x64
		{6717EDC1-88C8-478A-B95A-C859315F87F0}.always|x64.Build.0 = always|x64
		{6717EDC1-88C8-478A-B95A-C859315F87F0}.ci|Any CPU.ActiveCfg = ci|Any CPU
		{6717EDC1-88C8-478A-B95A-C859315F87F0}.ci|Any CPU.Build.0 = ci|Any CPU
		{6717EDC1-88C8-478A-B95A-C859315F87F0}.ci|x64.ActiveCfg = ci|x64
		{6717EDC1-88C8-478A-B95A-C859315F87F0}.ci|x64.Build.0 = ci|x64
		{6717EDC1-88C8-478A-B95A-C859315F87F0}.Debug|Any CPU.ActiveCfg = Debug|Any CPU
		{6717EDC1-88C8-478A-B95A-C859315F87F0}.Debug|Any CPU.Build.0 = Debug|Any CPU
		{6717EDC1-88C8-478A-B95A-C859315F87F0}.Debug|x64.ActiveCfg = Debug|x64
		{6717EDC1-88C8-478A-B95A-C859315F87F0}.Debug|x64.Build.0 = Debug|x64
		{6717EDC1-88C8-478A-B95A-C859315F87F0}.Release|Any CPU.ActiveCfg = Release|Any CPU
		{6717EDC1-88C8-478A-B95A-C859315F87F0}.Release|Any CPU.Build.0 = Release|Any CPU
		{6717EDC1-88C8-478A-B95A-C859315F87F0}.Release|x64.ActiveCfg = Release|x64
		{6717EDC1-88C8-478A-B95A-C859315F87F0}.Release|x64.Build.0 = Release|x64
	EndGlobalSection
	GlobalSection(SolutionProperties) = preSolution
		HideSolutionNode = FALSE
	EndGlobalSection
	GlobalSection(NestedProjects) = preSolution
		{B4F3A1A3-BC42-4FCB-BE07-5155816B71E8} = {75168A3C-CFCC-42B8-9CCD-06894C40B542}
		{AA3822DC-C067-4E66-8161-68F399C27B02} = {B4F3A1A3-BC42-4FCB-BE07-5155816B71E8}
		{F638E0E7-2493-4532-8B3E-8155353423C0} = {A36F0551-4A80-40F7-8ACF-EB0AC704FCE9}
		{4D861BA0-9E37-47D2-A004-63F1DAFDA81C} = {F638E0E7-2493-4532-8B3E-8155353423C0}
		{498D5BB7-9BE8-493E-87D9-FEC6EF8D1A03} = {A36F0551-4A80-40F7-8ACF-EB0AC704FCE9}
		{D189056D-7EDB-4EF5-8200-01B6621E5E5E} = {498D5BB7-9BE8-493E-87D9-FEC6EF8D1A03}
		{7E9FA0FE-474C-42F3-B364-30E2A6BFD8C2} = {A36F0551-4A80-40F7-8ACF-EB0AC704FCE9}
		{8385FE1B-3E31-40E7-AD3D-D5991C21F639} = {7E9FA0FE-474C-42F3-B364-30E2A6BFD8C2}
		{EE8F9E52-2800-43A2-9301-1155A6067963} = {8883802D-27A0-4334-80E3-77AF65E04E5F}
		{4E756BC9-D83C-4E63-8D7A-78D4CBBF7EF0} = {EE8F9E52-2800-43A2-9301-1155A6067963}
		{BE2C2DC0-E8CF-4E1D-B422-49D19634481D} = {8883802D-27A0-4334-80E3-77AF65E04E5F}
		{14AD9C80-2B77-4EB4-A53F-837A0CF08AB6} = {BE2C2DC0-E8CF-4E1D-B422-49D19634481D}
		{AB9A471D-CB3C-4AE2-B389-FF14C77AEAF3} = {8883802D-27A0-4334-80E3-77AF65E04E5F}
		{6717EDC1-88C8-478A-B95A-C859315F87F0} = {AB9A471D-CB3C-4AE2-B389-FF14C77AEAF3}
	EndGlobalSection
EndGlobal
