Microsoft Visual Studio Solution File, Format Version 12.00
# Visual Studio 14
VisualStudioVersion = 14.0.25420.1
MinimumVisualStudioVersion = 10.0.40219.1
Project("{2150E333-8FDC-42A3-9474-1A3956D46DE8}") = "PaaSPort.Core", "PaaSPort.Core", "{868F6CB1-C533-46AF-BA73-C8D5CD3441F4}"
EndProject
Project("{FAE04EC0-301F-11D3-BF4B-00C04F79EFBC}") = "TheInjectables.Feature.PaaSPort.Core", "src\Feature\PaaSPort.Core\code\TheInjectables.Feature.PaaSPort.Core.csproj", "{CFA9D767-481A-4F7E-95A5-0AAB7EC785D5}"
EndProject
Project("{2150E333-8FDC-42A3-9474-1A3956D46DE8}") = "PaaSPort.Azure", "PaaSPort.Azure", "{2FD09C0D-F546-4DD4-91A6-92203EAD03AF}"
EndProject
Project("{FAE04EC0-301F-11D3-BF4B-00C04F79EFBC}") = "TheInjectables.Feature.PaaSPort.Azure", "src\Feature\PaaSPort.Azure\code\TheInjectables.Feature.PaaSPort.Azure.csproj", "{0BA057DC-0045-4891-8103-30092C89E851}"
EndProject
Project("{2150E333-8FDC-42A3-9474-1A3956D46DE8}") = "PaaSPort.Website", "PaaSPort.Website", "{B4F3A1A3-BC42-4FCB-BE07-5155816B71E8}"
EndProject
Project("{FAE04EC0-301F-11D3-BF4B-00C04F79EFBC}") = "TheInjectables.PaaSPort.Website", "src\Project\PaaSPort.Website\code\TheInjectables.PaaSPort.Website.csproj", "{AA3822DC-C067-4E66-8161-68F399C27B02}"
EndProject
Project("{2150E333-8FDC-42A3-9474-1A3956D46DE8}") = "PaaSPort.DXF", "PaaSPort.DXF", "{F638E0E7-2493-4532-8B3E-8155353423C0}"
EndProject
Project("{FAE04EC0-301F-11D3-BF4B-00C04F79EFBC}") = "TheInjectables.Feature.PaaSPort.DXF", "src\Feature\PaaSPort.DXF\code\TheInjectables.Feature.PaaSPort.DXF.csproj", "{4D861BA0-9E37-47D2-A004-63F1DAFDA81C}"
EndProject
Project("{2150E333-8FDC-42A3-9474-1A3956D46DE8}") = "PaaSPort.UI", "PaaSPort.UI", "{498D5BB7-9BE8-493E-87D9-FEC6EF8D1A03}"
EndProject
Project("{FAE04EC0-301F-11D3-BF4B-00C04F79EFBC}") = "TheInjectables.Feature.PaaSPort.UI", "src\Feature\PaaSPort.UI\code\TheInjectables.Feature.PaaSPort.UI.csproj", "{D189056D-7EDB-4EF5-8200-01B6621E5E5E}"
EndProject
Project("{2150E333-8FDC-42A3-9474-1A3956D46DE8}") = "PaaSPort.Services", "PaaSPort.Services", "{7E9FA0FE-474C-42F3-B364-30E2A6BFD8C2}"
EndProject
Project("{FAE04EC0-301F-11D3-BF4B-00C04F79EFBC}") = "TheInjectables.Feature.PaaSPort.Services", "src\Feature\PaaSPort.Services\code\TheInjectables.Feature.PaaSPort.Services.csproj", "{8385FE1B-3E31-40E7-AD3D-D5991C21F639}"
EndProject
Project("{2150E333-8FDC-42A3-9474-1A3956D46DE8}") = "PaaSPort.Abstractions", "PaaSPort.Abstractions", "{EE8F9E52-2800-43A2-9301-1155A6067963}"
EndProject
Project("{FAE04EC0-301F-11D3-BF4B-00C04F79EFBC}") = "TheInjectables.Foundation.PaaSPort.Abstractions", "src\Foundation\PaaSPort.Abstractions\code\TheInjectables.Foundation.PaaSPort.Abstractions.csproj", "{4E756BC9-D83C-4E63-8D7A-78D4CBBF7EF0}"
EndProject
Project("{2150E333-8FDC-42A3-9474-1A3956D46DE8}") = "PaaSPort.Common", "PaaSPort.Common", "{AB9A471D-CB3C-4AE2-B389-FF14C77AEAF3}"
EndProject
Project("{FAE04EC0-301F-11D3-BF4B-00C04F79EFBC}") = "TheInjectables.Foundation.PaaSPort.Common", "src\Foundation\PaaSPort.Common\code\TheInjectables.Foundation.PaaSPort.Common.csproj", "{6717EDC1-88C8-478A-B95A-C859315F87F0}"
EndProject
Project("{2150E333-8FDC-42A3-9474-1A3956D46DE8}") = "1. Project", "1. Project", "{75168A3C-CFCC-42B8-9CCD-06894C40B542}"
EndProject
Project("{2150E333-8FDC-42A3-9474-1A3956D46DE8}") = "2. Feature", "2. Feature", "{A36F0551-4A80-40F7-8ACF-EB0AC704FCE9}"
EndProject
Project("{2150E333-8FDC-42A3-9474-1A3956D46DE8}") = "3. Foundation", "3. Foundation", "{8883802D-27A0-4334-80E3-77AF65E04E5F}"
EndProject
Project("{2150E333-8FDC-42A3-9474-1A3956D46DE8}") = "4. Tests", "4. Tests", "{3023434A-F180-421F-B641-6918631EA0EA}"
EndProject
Project("{CAA73BB0-EF22-4D79-A57E-DF67B3BA9C80}") = "TheInjectables.Feature.PaaSPort.DXF.TDS.Master", "src\Feature\PaaSPort.DXF\tds\TheInjectables.Feature.PaaSPort.DXF.Master\TheInjectables.Feature.PaaSPort.DXF.TDS.Master.scproj", "{D66AD44E-0844-463D-AAC2-4643C9CC63C1}"
EndProject
Project("{CAA73BB0-EF22-4D79-A57E-DF67B3BA9C80}") = "TheInjectables.Feature.PaaSPort.Core.TDS.Master", "src\Feature\PaaSPort.Core\tds\TheInjectables.Feature.PaaSPort.Core.Master\TheInjectables.Feature.PaaSPort.Core.TDS.Master.scproj", "{405CFF13-AF88-4E03-B7C9-F02653417914}"
EndProject
Project("{CAA73BB0-EF22-4D79-A57E-DF67B3BA9C80}") = "TheInjectables.Feature.PaaSPort.Core.TDS.Core", "src\Feature\PaaSPort.Core\tds\TheInjectables.Feature.PaaSPort.Core.TDS.Core\TheInjectables.Feature.PaaSPort.Core.TDS.Core.scproj", "{0BADE5F0-A892-45E4-A086-FE86EFA8C2EC}"
EndProject
Global
	GlobalSection(SolutionConfigurationPlatforms) = preSolution
		always|Any CPU = always|Any CPU
		always|x64 = always|x64
		ci|Any CPU = ci|Any CPU
		ci|x64 = ci|x64
		Debug|Any CPU = Debug|Any CPU
		Debug|x64 = Debug|x64
		Release|Any CPU = Release|Any CPU
		Release|x64 = Release|x64
	EndGlobalSection
	GlobalSection(ProjectConfigurationPlatforms) = postSolution
		{CFA9D767-481A-4F7E-95A5-0AAB7EC785D5}.always|Any CPU.ActiveCfg = always|Any CPU
		{CFA9D767-481A-4F7E-95A5-0AAB7EC785D5}.always|Any CPU.Build.0 = always|Any CPU
		{CFA9D767-481A-4F7E-95A5-0AAB7EC785D5}.always|x64.ActiveCfg = always|x64
		{CFA9D767-481A-4F7E-95A5-0AAB7EC785D5}.always|x64.Build.0 = always|x64
		{CFA9D767-481A-4F7E-95A5-0AAB7EC785D5}.ci|Any CPU.ActiveCfg = ci|Any CPU
		{CFA9D767-481A-4F7E-95A5-0AAB7EC785D5}.ci|Any CPU.Build.0 = ci|Any CPU
		{CFA9D767-481A-4F7E-95A5-0AAB7EC785D5}.ci|x64.ActiveCfg = ci|x64
		{CFA9D767-481A-4F7E-95A5-0AAB7EC785D5}.ci|x64.Build.0 = ci|x64
		{CFA9D767-481A-4F7E-95A5-0AAB7EC785D5}.Debug|Any CPU.ActiveCfg = Debug|Any CPU
		{CFA9D767-481A-4F7E-95A5-0AAB7EC785D5}.Debug|Any CPU.Build.0 = Debug|Any CPU
		{CFA9D767-481A-4F7E-95A5-0AAB7EC785D5}.Debug|x64.ActiveCfg = Debug|x64
		{CFA9D767-481A-4F7E-95A5-0AAB7EC785D5}.Debug|x64.Build.0 = Debug|x64
		{CFA9D767-481A-4F7E-95A5-0AAB7EC785D5}.Release|Any CPU.ActiveCfg = Release|Any CPU
		{CFA9D767-481A-4F7E-95A5-0AAB7EC785D5}.Release|Any CPU.Build.0 = Release|Any CPU
		{CFA9D767-481A-4F7E-95A5-0AAB7EC785D5}.Release|x64.ActiveCfg = Release|x64
		{CFA9D767-481A-4F7E-95A5-0AAB7EC785D5}.Release|x64.Build.0 = Release|x64
		{0BA057DC-0045-4891-8103-30092C89E851}.always|Any CPU.ActiveCfg = always|Any CPU
		{0BA057DC-0045-4891-8103-30092C89E851}.always|Any CPU.Build.0 = always|Any CPU
		{0BA057DC-0045-4891-8103-30092C89E851}.always|x64.ActiveCfg = always|x64
		{0BA057DC-0045-4891-8103-30092C89E851}.always|x64.Build.0 = always|x64
		{0BA057DC-0045-4891-8103-30092C89E851}.ci|Any CPU.ActiveCfg = ci|Any CPU
		{0BA057DC-0045-4891-8103-30092C89E851}.ci|Any CPU.Build.0 = ci|Any CPU
		{0BA057DC-0045-4891-8103-30092C89E851}.ci|x64.ActiveCfg = ci|x64
		{0BA057DC-0045-4891-8103-30092C89E851}.ci|x64.Build.0 = ci|x64
		{0BA057DC-0045-4891-8103-30092C89E851}.Debug|Any CPU.ActiveCfg = Debug|Any CPU
		{0BA057DC-0045-4891-8103-30092C89E851}.Debug|Any CPU.Build.0 = Debug|Any CPU
		{0BA057DC-0045-4891-8103-30092C89E851}.Debug|x64.ActiveCfg = Debug|x64
		{0BA057DC-0045-4891-8103-30092C89E851}.Debug|x64.Build.0 = Debug|x64
		{0BA057DC-0045-4891-8103-30092C89E851}.Release|Any CPU.ActiveCfg = Release|Any CPU
		{0BA057DC-0045-4891-8103-30092C89E851}.Release|Any CPU.Build.0 = Release|Any CPU
		{0BA057DC-0045-4891-8103-30092C89E851}.Release|x64.ActiveCfg = Release|x64
		{0BA057DC-0045-4891-8103-30092C89E851}.Release|x64.Build.0 = Release|x64
		{AA3822DC-C067-4E66-8161-68F399C27B02}.always|Any CPU.ActiveCfg = always|Any CPU
		{AA3822DC-C067-4E66-8161-68F399C27B02}.always|Any CPU.Build.0 = always|Any CPU
		{AA3822DC-C067-4E66-8161-68F399C27B02}.always|x64.ActiveCfg = always|x64
		{AA3822DC-C067-4E66-8161-68F399C27B02}.always|x64.Build.0 = always|x64
		{AA3822DC-C067-4E66-8161-68F399C27B02}.ci|Any CPU.ActiveCfg = ci|Any CPU
		{AA3822DC-C067-4E66-8161-68F399C27B02}.ci|Any CPU.Build.0 = ci|Any CPU
		{AA3822DC-C067-4E66-8161-68F399C27B02}.ci|x64.ActiveCfg = ci|x64
		{AA3822DC-C067-4E66-8161-68F399C27B02}.ci|x64.Build.0 = ci|x64
		{AA3822DC-C067-4E66-8161-68F399C27B02}.Debug|Any CPU.ActiveCfg = Debug|Any CPU
		{AA3822DC-C067-4E66-8161-68F399C27B02}.Debug|Any CPU.Build.0 = Debug|Any CPU
		{AA3822DC-C067-4E66-8161-68F399C27B02}.Debug|x64.ActiveCfg = Debug|x64
		{AA3822DC-C067-4E66-8161-68F399C27B02}.Debug|x64.Build.0 = Debug|x64
		{AA3822DC-C067-4E66-8161-68F399C27B02}.Release|Any CPU.ActiveCfg = Release|Any CPU
		{AA3822DC-C067-4E66-8161-68F399C27B02}.Release|Any CPU.Build.0 = Release|Any CPU
		{AA3822DC-C067-4E66-8161-68F399C27B02}.Release|x64.ActiveCfg = Release|x64
		{AA3822DC-C067-4E66-8161-68F399C27B02}.Release|x64.Build.0 = Release|x64
		{4D861BA0-9E37-47D2-A004-63F1DAFDA81C}.always|Any CPU.ActiveCfg = always|Any CPU
		{4D861BA0-9E37-47D2-A004-63F1DAFDA81C}.always|Any CPU.Build.0 = always|Any CPU
		{4D861BA0-9E37-47D2-A004-63F1DAFDA81C}.always|x64.ActiveCfg = always|x64
		{4D861BA0-9E37-47D2-A004-63F1DAFDA81C}.always|x64.Build.0 = always|x64
		{4D861BA0-9E37-47D2-A004-63F1DAFDA81C}.ci|Any CPU.ActiveCfg = ci|Any CPU
		{4D861BA0-9E37-47D2-A004-63F1DAFDA81C}.ci|Any CPU.Build.0 = ci|Any CPU
		{4D861BA0-9E37-47D2-A004-63F1DAFDA81C}.ci|x64.ActiveCfg = ci|x64
		{4D861BA0-9E37-47D2-A004-63F1DAFDA81C}.ci|x64.Build.0 = ci|x64
		{4D861BA0-9E37-47D2-A004-63F1DAFDA81C}.Debug|Any CPU.ActiveCfg = Debug|Any CPU
		{4D861BA0-9E37-47D2-A004-63F1DAFDA81C}.Debug|Any CPU.Build.0 = Debug|Any CPU
		{4D861BA0-9E37-47D2-A004-63F1DAFDA81C}.Debug|x64.ActiveCfg = Debug|x64
		{4D861BA0-9E37-47D2-A004-63F1DAFDA81C}.Debug|x64.Build.0 = Debug|x64
		{4D861BA0-9E37-47D2-A004-63F1DAFDA81C}.Release|Any CPU.ActiveCfg = Release|Any CPU
		{4D861BA0-9E37-47D2-A004-63F1DAFDA81C}.Release|Any CPU.Build.0 = Release|Any CPU
		{4D861BA0-9E37-47D2-A004-63F1DAFDA81C}.Release|x64.ActiveCfg = Release|x64
		{4D861BA0-9E37-47D2-A004-63F1DAFDA81C}.Release|x64.Build.0 = Release|x64
		{D189056D-7EDB-4EF5-8200-01B6621E5E5E}.always|Any CPU.ActiveCfg = always|Any CPU
		{D189056D-7EDB-4EF5-8200-01B6621E5E5E}.always|Any CPU.Build.0 = always|Any CPU
		{D189056D-7EDB-4EF5-8200-01B6621E5E5E}.always|x64.ActiveCfg = always|x64
		{D189056D-7EDB-4EF5-8200-01B6621E5E5E}.always|x64.Build.0 = always|x64
		{D189056D-7EDB-4EF5-8200-01B6621E5E5E}.ci|Any CPU.ActiveCfg = ci|Any CPU
		{D189056D-7EDB-4EF5-8200-01B6621E5E5E}.ci|Any CPU.Build.0 = ci|Any CPU
		{D189056D-7EDB-4EF5-8200-01B6621E5E5E}.ci|x64.ActiveCfg = ci|x64
		{D189056D-7EDB-4EF5-8200-01B6621E5E5E}.ci|x64.Build.0 = ci|x64
		{D189056D-7EDB-4EF5-8200-01B6621E5E5E}.Debug|Any CPU.ActiveCfg = Debug|Any CPU
		{D189056D-7EDB-4EF5-8200-01B6621E5E5E}.Debug|Any CPU.Build.0 = Debug|Any CPU
		{D189056D-7EDB-4EF5-8200-01B6621E5E5E}.Debug|x64.ActiveCfg = Debug|x64
		{D189056D-7EDB-4EF5-8200-01B6621E5E5E}.Debug|x64.Build.0 = Debug|x64
		{D189056D-7EDB-4EF5-8200-01B6621E5E5E}.Release|Any CPU.ActiveCfg = Release|Any CPU
		{D189056D-7EDB-4EF5-8200-01B6621E5E5E}.Release|Any CPU.Build.0 = Release|Any CPU
		{D189056D-7EDB-4EF5-8200-01B6621E5E5E}.Release|x64.ActiveCfg = Release|x64
		{D189056D-7EDB-4EF5-8200-01B6621E5E5E}.Release|x64.Build.0 = Release|x64
		{8385FE1B-3E31-40E7-AD3D-D5991C21F639}.always|Any CPU.ActiveCfg = always|Any CPU
		{8385FE1B-3E31-40E7-AD3D-D5991C21F639}.always|Any CPU.Build.0 = always|Any CPU
		{8385FE1B-3E31-40E7-AD3D-D5991C21F639}.always|x64.ActiveCfg = always|x64
		{8385FE1B-3E31-40E7-AD3D-D5991C21F639}.always|x64.Build.0 = always|x64
		{8385FE1B-3E31-40E7-AD3D-D5991C21F639}.ci|Any CPU.ActiveCfg = ci|Any CPU
		{8385FE1B-3E31-40E7-AD3D-D5991C21F639}.ci|Any CPU.Build.0 = ci|Any CPU
		{8385FE1B-3E31-40E7-AD3D-D5991C21F639}.ci|x64.ActiveCfg = ci|x64
		{8385FE1B-3E31-40E7-AD3D-D5991C21F639}.ci|x64.Build.0 = ci|x64
		{8385FE1B-3E31-40E7-AD3D-D5991C21F639}.Debug|Any CPU.ActiveCfg = Debug|Any CPU
		{8385FE1B-3E31-40E7-AD3D-D5991C21F639}.Debug|Any CPU.Build.0 = Debug|Any CPU
		{8385FE1B-3E31-40E7-AD3D-D5991C21F639}.Debug|x64.ActiveCfg = Debug|x64
		{8385FE1B-3E31-40E7-AD3D-D5991C21F639}.Debug|x64.Build.0 = Debug|x64
		{8385FE1B-3E31-40E7-AD3D-D5991C21F639}.Release|Any CPU.ActiveCfg = Release|Any CPU
		{8385FE1B-3E31-40E7-AD3D-D5991C21F639}.Release|Any CPU.Build.0 = Release|Any CPU
		{8385FE1B-3E31-40E7-AD3D-D5991C21F639}.Release|x64.ActiveCfg = Release|x64
		{8385FE1B-3E31-40E7-AD3D-D5991C21F639}.Release|x64.Build.0 = Release|x64
		{4E756BC9-D83C-4E63-8D7A-78D4CBBF7EF0}.always|Any CPU.ActiveCfg = always|Any CPU
		{4E756BC9-D83C-4E63-8D7A-78D4CBBF7EF0}.always|Any CPU.Build.0 = always|Any CPU
		{4E756BC9-D83C-4E63-8D7A-78D4CBBF7EF0}.always|x64.ActiveCfg = always|x64
		{4E756BC9-D83C-4E63-8D7A-78D4CBBF7EF0}.always|x64.Build.0 = always|x64
		{4E756BC9-D83C-4E63-8D7A-78D4CBBF7EF0}.ci|Any CPU.ActiveCfg = ci|Any CPU
		{4E756BC9-D83C-4E63-8D7A-78D4CBBF7EF0}.ci|Any CPU.Build.0 = ci|Any CPU
		{4E756BC9-D83C-4E63-8D7A-78D4CBBF7EF0}.ci|x64.ActiveCfg = ci|x64
		{4E756BC9-D83C-4E63-8D7A-78D4CBBF7EF0}.ci|x64.Build.0 = ci|x64
		{4E756BC9-D83C-4E63-8D7A-78D4CBBF7EF0}.Debug|Any CPU.ActiveCfg = Debug|Any CPU
		{4E756BC9-D83C-4E63-8D7A-78D4CBBF7EF0}.Debug|Any CPU.Build.0 = Debug|Any CPU
		{4E756BC9-D83C-4E63-8D7A-78D4CBBF7EF0}.Debug|x64.ActiveCfg = Debug|x64
		{4E756BC9-D83C-4E63-8D7A-78D4CBBF7EF0}.Debug|x64.Build.0 = Debug|x64
		{4E756BC9-D83C-4E63-8D7A-78D4CBBF7EF0}.Release|Any CPU.ActiveCfg = Release|Any CPU
		{4E756BC9-D83C-4E63-8D7A-78D4CBBF7EF0}.Release|Any CPU.Build.0 = Release|Any CPU
		{4E756BC9-D83C-4E63-8D7A-78D4CBBF7EF0}.Release|x64.ActiveCfg = Release|x64
		{4E756BC9-D83C-4E63-8D7A-78D4CBBF7EF0}.Release|x64.Build.0 = Release|x64
		{6717EDC1-88C8-478A-B95A-C859315F87F0}.always|Any CPU.ActiveCfg = always|Any CPU
		{6717EDC1-88C8-478A-B95A-C859315F87F0}.always|Any CPU.Build.0 = always|Any CPU
		{6717EDC1-88C8-478A-B95A-C859315F87F0}.always|x64.ActiveCfg = always|x64
		{6717EDC1-88C8-478A-B95A-C859315F87F0}.always|x64.Build.0 = always|x64
		{6717EDC1-88C8-478A-B95A-C859315F87F0}.ci|Any CPU.ActiveCfg = ci|Any CPU
		{6717EDC1-88C8-478A-B95A-C859315F87F0}.ci|Any CPU.Build.0 = ci|Any CPU
		{6717EDC1-88C8-478A-B95A-C859315F87F0}.ci|x64.ActiveCfg = ci|x64
		{6717EDC1-88C8-478A-B95A-C859315F87F0}.ci|x64.Build.0 = ci|x64
		{6717EDC1-88C8-478A-B95A-C859315F87F0}.Debug|Any CPU.ActiveCfg = Debug|Any CPU
		{6717EDC1-88C8-478A-B95A-C859315F87F0}.Debug|Any CPU.Build.0 = Debug|Any CPU
		{6717EDC1-88C8-478A-B95A-C859315F87F0}.Debug|x64.ActiveCfg = Debug|x64
		{6717EDC1-88C8-478A-B95A-C859315F87F0}.Debug|x64.Build.0 = Debug|x64
		{6717EDC1-88C8-478A-B95A-C859315F87F0}.Release|Any CPU.ActiveCfg = Release|Any CPU
		{6717EDC1-88C8-478A-B95A-C859315F87F0}.Release|Any CPU.Build.0 = Release|Any CPU
		{6717EDC1-88C8-478A-B95A-C859315F87F0}.Release|x64.ActiveCfg = Release|x64
		{6717EDC1-88C8-478A-B95A-C859315F87F0}.Release|x64.Build.0 = Release|x64
		{D66AD44E-0844-463D-AAC2-4643C9CC63C1}.always|Any CPU.ActiveCfg = Release|Any CPU
		{D66AD44E-0844-463D-AAC2-4643C9CC63C1}.always|Any CPU.Build.0 = Release|Any CPU
		{D66AD44E-0844-463D-AAC2-4643C9CC63C1}.always|Any CPU.Deploy.0 = Release|Any CPU
		{D66AD44E-0844-463D-AAC2-4643C9CC63C1}.always|x64.ActiveCfg = Release|Any CPU
		{D66AD44E-0844-463D-AAC2-4643C9CC63C1}.always|x64.Build.0 = Release|Any CPU
		{D66AD44E-0844-463D-AAC2-4643C9CC63C1}.always|x64.Deploy.0 = Release|Any CPU
		{D66AD44E-0844-463D-AAC2-4643C9CC63C1}.ci|Any CPU.ActiveCfg = Release|Any CPU
		{D66AD44E-0844-463D-AAC2-4643C9CC63C1}.ci|Any CPU.Build.0 = Release|Any CPU
		{D66AD44E-0844-463D-AAC2-4643C9CC63C1}.ci|Any CPU.Deploy.0 = Release|Any CPU
		{D66AD44E-0844-463D-AAC2-4643C9CC63C1}.ci|x64.ActiveCfg = Release|Any CPU
		{D66AD44E-0844-463D-AAC2-4643C9CC63C1}.ci|x64.Build.0 = Release|Any CPU
		{D66AD44E-0844-463D-AAC2-4643C9CC63C1}.ci|x64.Deploy.0 = Release|Any CPU
		{D66AD44E-0844-463D-AAC2-4643C9CC63C1}.Debug|Any CPU.ActiveCfg = Debug|Any CPU
		{D66AD44E-0844-463D-AAC2-4643C9CC63C1}.Debug|Any CPU.Build.0 = Debug|Any CPU
		{D66AD44E-0844-463D-AAC2-4643C9CC63C1}.Debug|Any CPU.Deploy.0 = Debug|Any CPU
		{D66AD44E-0844-463D-AAC2-4643C9CC63C1}.Debug|x64.ActiveCfg = Debug|Any CPU
		{D66AD44E-0844-463D-AAC2-4643C9CC63C1}.Debug|x64.Build.0 = Debug|Any CPU
		{D66AD44E-0844-463D-AAC2-4643C9CC63C1}.Debug|x64.Deploy.0 = Debug|Any CPU
		{D66AD44E-0844-463D-AAC2-4643C9CC63C1}.Release|Any CPU.ActiveCfg = Release|Any CPU
		{D66AD44E-0844-463D-AAC2-4643C9CC63C1}.Release|Any CPU.Build.0 = Release|Any CPU
		{D66AD44E-0844-463D-AAC2-4643C9CC63C1}.Release|Any CPU.Deploy.0 = Release|Any CPU
		{D66AD44E-0844-463D-AAC2-4643C9CC63C1}.Release|x64.ActiveCfg = Release|Any CPU
		{D66AD44E-0844-463D-AAC2-4643C9CC63C1}.Release|x64.Build.0 = Release|Any CPU
		{D66AD44E-0844-463D-AAC2-4643C9CC63C1}.Release|x64.Deploy.0 = Release|Any CPU
		{405CFF13-AF88-4E03-B7C9-F02653417914}.always|Any CPU.ActiveCfg = Release|Any CPU
		{405CFF13-AF88-4E03-B7C9-F02653417914}.always|Any CPU.Build.0 = Release|Any CPU
		{405CFF13-AF88-4E03-B7C9-F02653417914}.always|Any CPU.Deploy.0 = Release|Any CPU
		{405CFF13-AF88-4E03-B7C9-F02653417914}.always|x64.ActiveCfg = Release|Any CPU
		{405CFF13-AF88-4E03-B7C9-F02653417914}.always|x64.Build.0 = Release|Any CPU
		{405CFF13-AF88-4E03-B7C9-F02653417914}.always|x64.Deploy.0 = Release|Any CPU
		{405CFF13-AF88-4E03-B7C9-F02653417914}.ci|Any CPU.ActiveCfg = Release|Any CPU
		{405CFF13-AF88-4E03-B7C9-F02653417914}.ci|Any CPU.Build.0 = Release|Any CPU
		{405CFF13-AF88-4E03-B7C9-F02653417914}.ci|Any CPU.Deploy.0 = Release|Any CPU
		{405CFF13-AF88-4E03-B7C9-F02653417914}.ci|x64.ActiveCfg = Release|Any CPU
		{405CFF13-AF88-4E03-B7C9-F02653417914}.ci|x64.Build.0 = Release|Any CPU
		{405CFF13-AF88-4E03-B7C9-F02653417914}.ci|x64.Deploy.0 = Release|Any CPU
		{405CFF13-AF88-4E03-B7C9-F02653417914}.Debug|Any CPU.ActiveCfg = Debug|Any CPU
		{405CFF13-AF88-4E03-B7C9-F02653417914}.Debug|Any CPU.Build.0 = Debug|Any CPU
		{405CFF13-AF88-4E03-B7C9-F02653417914}.Debug|Any CPU.Deploy.0 = Debug|Any CPU
		{405CFF13-AF88-4E03-B7C9-F02653417914}.Debug|x64.ActiveCfg = Debug|Any CPU
		{405CFF13-AF88-4E03-B7C9-F02653417914}.Debug|x64.Build.0 = Debug|Any CPU
		{405CFF13-AF88-4E03-B7C9-F02653417914}.Debug|x64.Deploy.0 = Debug|Any CPU
		{405CFF13-AF88-4E03-B7C9-F02653417914}.Release|Any CPU.ActiveCfg = Release|Any CPU
		{405CFF13-AF88-4E03-B7C9-F02653417914}.Release|Any CPU.Build.0 = Release|Any CPU
		{405CFF13-AF88-4E03-B7C9-F02653417914}.Release|Any CPU.Deploy.0 = Release|Any CPU
		{405CFF13-AF88-4E03-B7C9-F02653417914}.Release|x64.ActiveCfg = Release|Any CPU
		{405CFF13-AF88-4E03-B7C9-F02653417914}.Release|x64.Build.0 = Release|Any CPU
		{405CFF13-AF88-4E03-B7C9-F02653417914}.Release|x64.Deploy.0 = Release|Any CPU
		{0BADE5F0-A892-45E4-A086-FE86EFA8C2EC}.always|Any CPU.ActiveCfg = Release|Any CPU
		{0BADE5F0-A892-45E4-A086-FE86EFA8C2EC}.always|Any CPU.Build.0 = Release|Any CPU
		{0BADE5F0-A892-45E4-A086-FE86EFA8C2EC}.always|Any CPU.Deploy.0 = Release|Any CPU
		{0BADE5F0-A892-45E4-A086-FE86EFA8C2EC}.always|x64.ActiveCfg = Release|Any CPU
		{0BADE5F0-A892-45E4-A086-FE86EFA8C2EC}.always|x64.Build.0 = Release|Any CPU
		{0BADE5F0-A892-45E4-A086-FE86EFA8C2EC}.always|x64.Deploy.0 = Release|Any CPU
		{0BADE5F0-A892-45E4-A086-FE86EFA8C2EC}.ci|Any CPU.ActiveCfg = Release|Any CPU
		{0BADE5F0-A892-45E4-A086-FE86EFA8C2EC}.ci|Any CPU.Build.0 = Release|Any CPU
		{0BADE5F0-A892-45E4-A086-FE86EFA8C2EC}.ci|Any CPU.Deploy.0 = Release|Any CPU
		{0BADE5F0-A892-45E4-A086-FE86EFA8C2EC}.ci|x64.ActiveCfg = Release|Any CPU
		{0BADE5F0-A892-45E4-A086-FE86EFA8C2EC}.ci|x64.Build.0 = Release|Any CPU
		{0BADE5F0-A892-45E4-A086-FE86EFA8C2EC}.ci|x64.Deploy.0 = Release|Any CPU
		{0BADE5F0-A892-45E4-A086-FE86EFA8C2EC}.Debug|Any CPU.ActiveCfg = Debug|Any CPU
		{0BADE5F0-A892-45E4-A086-FE86EFA8C2EC}.Debug|Any CPU.Build.0 = Debug|Any CPU
		{0BADE5F0-A892-45E4-A086-FE86EFA8C2EC}.Debug|Any CPU.Deploy.0 = Debug|Any CPU
		{0BADE5F0-A892-45E4-A086-FE86EFA8C2EC}.Debug|x64.ActiveCfg = Debug|Any CPU
		{0BADE5F0-A892-45E4-A086-FE86EFA8C2EC}.Debug|x64.Build.0 = Debug|Any CPU
		{0BADE5F0-A892-45E4-A086-FE86EFA8C2EC}.Debug|x64.Deploy.0 = Debug|Any CPU
		{0BADE5F0-A892-45E4-A086-FE86EFA8C2EC}.Release|Any CPU.ActiveCfg = Release|Any CPU
		{0BADE5F0-A892-45E4-A086-FE86EFA8C2EC}.Release|Any CPU.Build.0 = Release|Any CPU
		{0BADE5F0-A892-45E4-A086-FE86EFA8C2EC}.Release|Any CPU.Deploy.0 = Release|Any CPU
		{0BADE5F0-A892-45E4-A086-FE86EFA8C2EC}.Release|x64.ActiveCfg = Release|Any CPU
		{0BADE5F0-A892-45E4-A086-FE86EFA8C2EC}.Release|x64.Build.0 = Release|Any CPU
		{0BADE5F0-A892-45E4-A086-FE86EFA8C2EC}.Release|x64.Deploy.0 = Release|Any CPU
	EndGlobalSection
	GlobalSection(SolutionProperties) = preSolution
		HideSolutionNode = FALSE
	EndGlobalSection
	GlobalSection(NestedProjects) = preSolution
		{868F6CB1-C533-46AF-BA73-C8D5CD3441F4} = {A36F0551-4A80-40F7-8ACF-EB0AC704FCE9}
		{CFA9D767-481A-4F7E-95A5-0AAB7EC785D5} = {868F6CB1-C533-46AF-BA73-C8D5CD3441F4}
		{2FD09C0D-F546-4DD4-91A6-92203EAD03AF} = {A36F0551-4A80-40F7-8ACF-EB0AC704FCE9}
		{0BA057DC-0045-4891-8103-30092C89E851} = {2FD09C0D-F546-4DD4-91A6-92203EAD03AF}
		{B4F3A1A3-BC42-4FCB-BE07-5155816B71E8} = {75168A3C-CFCC-42B8-9CCD-06894C40B542}
		{AA3822DC-C067-4E66-8161-68F399C27B02} = {B4F3A1A3-BC42-4FCB-BE07-5155816B71E8}
		{F638E0E7-2493-4532-8B3E-8155353423C0} = {A36F0551-4A80-40F7-8ACF-EB0AC704FCE9}
		{4D861BA0-9E37-47D2-A004-63F1DAFDA81C} = {F638E0E7-2493-4532-8B3E-8155353423C0}
		{498D5BB7-9BE8-493E-87D9-FEC6EF8D1A03} = {A36F0551-4A80-40F7-8ACF-EB0AC704FCE9}
		{D189056D-7EDB-4EF5-8200-01B6621E5E5E} = {498D5BB7-9BE8-493E-87D9-FEC6EF8D1A03}
		{7E9FA0FE-474C-42F3-B364-30E2A6BFD8C2} = {A36F0551-4A80-40F7-8ACF-EB0AC704FCE9}
		{8385FE1B-3E31-40E7-AD3D-D5991C21F639} = {7E9FA0FE-474C-42F3-B364-30E2A6BFD8C2}
		{EE8F9E52-2800-43A2-9301-1155A6067963} = {8883802D-27A0-4334-80E3-77AF65E04E5F}
		{4E756BC9-D83C-4E63-8D7A-78D4CBBF7EF0} = {EE8F9E52-2800-43A2-9301-1155A6067963}
		{AB9A471D-CB3C-4AE2-B389-FF14C77AEAF3} = {8883802D-27A0-4334-80E3-77AF65E04E5F}
		{6717EDC1-88C8-478A-B95A-C859315F87F0} = {AB9A471D-CB3C-4AE2-B389-FF14C77AEAF3}
		{D66AD44E-0844-463D-AAC2-4643C9CC63C1} = {F638E0E7-2493-4532-8B3E-8155353423C0}
		{405CFF13-AF88-4E03-B7C9-F02653417914} = {868F6CB1-C533-46AF-BA73-C8D5CD3441F4}
		{0BADE5F0-A892-45E4-A086-FE86EFA8C2EC} = {868F6CB1-C533-46AF-BA73-C8D5CD3441F4}
	EndGlobalSection
EndGlobal
